// !$*UTF8*$!
{
	archiveVersion = 1;
	classes = {
	};
	objectVersion = 56;
	objects = {

/* Begin PBXBuildFile section */
		21C1816029BF239100D0DFF7 /* insertApp.swift in Sources */ = {isa = PBXBuildFile; fileRef = 21C1815F29BF239100D0DFF7 /* insertApp.swift */; };
		21C1816229BF239100D0DFF7 /* insertDocument.swift in Sources */ = {isa = PBXBuildFile; fileRef = 21C1816129BF239100D0DFF7 /* insertDocument.swift */; };
		21C1816429BF239100D0DFF7 /* ContentView.swift in Sources */ = {isa = PBXBuildFile; fileRef = 21C1816329BF239100D0DFF7 /* ContentView.swift */; };
		21C1816629BF239200D0DFF7 /* Assets.xcassets in Resources */ = {isa = PBXBuildFile; fileRef = 21C1816529BF239200D0DFF7 /* Assets.xcassets */; };
		21C1816B29BF239200D0DFF7 /* Preview Assets.xcassets in Resources */ = {isa = PBXBuildFile; fileRef = 21C1816A29BF239200D0DFF7 /* Preview Assets.xcassets */; };
		21C1817529BF239200D0DFF7 /* insertTests.swift in Sources */ = {isa = PBXBuildFile; fileRef = 21C1817429BF239200D0DFF7 /* insertTests.swift */; };
		21C1817F29BF239200D0DFF7 /* insertUITests.swift in Sources */ = {isa = PBXBuildFile; fileRef = 21C1817E29BF239200D0DFF7 /* insertUITests.swift */; };
		21C1818129BF239200D0DFF7 /* insertUITestsLaunchTests.swift in Sources */ = {isa = PBXBuildFile; fileRef = 21C1818029BF239200D0DFF7 /* insertUITestsLaunchTests.swift */; };
/* End PBXBuildFile section */

/* Begin PBXContainerItemProxy section */
		21C1817129BF239200D0DFF7 /* PBXContainerItemProxy */ = {
			isa = PBXContainerItemProxy;
			containerPortal = 21C1815429BF239100D0DFF7 /* Project object */;
			proxyType = 1;
			remoteGlobalIDString = 21C1815B29BF239100D0DFF7;
			remoteInfo = insert;
		};
		21C1817B29BF239200D0DFF7 /* PBXContainerItemProxy */ = {
			isa = PBXContainerItemProxy;
			containerPortal = 21C1815429BF239100D0DFF7 /* Project object */;
			proxyType = 1;
			remoteGlobalIDString = 21C1815B29BF239100D0DFF7;
			remoteInfo = insert;
		};
/* End PBXContainerItemProxy section */

/* Begin PBXFileReference section */
		21C1815C29BF239100D0DFF7 /* insert.app */ = {isa = PBXFileReference; explicitFileType = wrapper.application; includeInIndex = 0; path = insert.app; sourceTree = BUILT_PRODUCTS_DIR; };
		21C1815F29BF239100D0DFF7 /* insertApp.swift */ = {isa = PBXFileReference; lastKnownFileType = sourcecode.swift; path = insertApp.swift; sourceTree = "<group>"; };
		21C1816129BF239100D0DFF7 /* insertDocument.swift */ = {isa = PBXFileReference; lastKnownFileType = sourcecode.swift; path = insertDocument.swift; sourceTree = "<group>"; };
		21C1816329BF239100D0DFF7 /* ContentView.swift */ = {isa = PBXFileReference; lastKnownFileType = sourcecode.swift; path = ContentView.swift; sourceTree = "<group>"; };
		21C1816529BF239200D0DFF7 /* Assets.xcassets */ = {isa = PBXFileReference; lastKnownFileType = folder.assetcatalog; path = Assets.xcassets; sourceTree = "<group>"; };
		21C1816729BF239200D0DFF7 /* Info.plist */ = {isa = PBXFileReference; lastKnownFileType = text.plist.xml; path = Info.plist; sourceTree = "<group>"; };
		21C1816829BF239200D0DFF7 /* insert.entitlements */ = {isa = PBXFileReference; lastKnownFileType = text.plist.entitlements; path = insert.entitlements; sourceTree = "<group>"; };
		21C1816A29BF239200D0DFF7 /* Preview Assets.xcassets */ = {isa = PBXFileReference; lastKnownFileType = folder.assetcatalog; path = "Preview Assets.xcassets"; sourceTree = "<group>"; };
		21C1817029BF239200D0DFF7 /* insertTests.xctest */ = {isa = PBXFileReference; explicitFileType = wrapper.cfbundle; includeInIndex = 0; path = insertTests.xctest; sourceTree = BUILT_PRODUCTS_DIR; };
		21C1817429BF239200D0DFF7 /* insertTests.swift */ = {isa = PBXFileReference; lastKnownFileType = sourcecode.swift; path = insertTests.swift; sourceTree = "<group>"; };
		21C1817A29BF239200D0DFF7 /* insertUITests.xctest */ = {isa = PBXFileReference; explicitFileType = wrapper.cfbundle; includeInIndex = 0; path = insertUITests.xctest; sourceTree = BUILT_PRODUCTS_DIR; };
		21C1817E29BF239200D0DFF7 /* insertUITests.swift */ = {isa = PBXFileReference; lastKnownFileType = sourcecode.swift; path = insertUITests.swift; sourceTree = "<group>"; };
		21C1818029BF239200D0DFF7 /* insertUITestsLaunchTests.swift */ = {isa = PBXFileReference; lastKnownFileType = sourcecode.swift; path = insertUITestsLaunchTests.swift; sourceTree = "<group>"; };
/* End PBXFileReference section */

/* Begin PBXFrameworksBuildPhase section */
		21C1815929BF239100D0DFF7 /* Frameworks */ = {
			isa = PBXFrameworksBuildPhase;
			buildActionMask = 2147483647;
			files = (
			);
			runOnlyForDeploymentPostprocessing = 0;
		};
		21C1816D29BF239200D0DFF7 /* Frameworks */ = {
			isa = PBXFrameworksBuildPhase;
			buildActionMask = 2147483647;
			files = (
			);
			runOnlyForDeploymentPostprocessing = 0;
		};
		21C1817729BF239200D0DFF7 /* Frameworks */ = {
			isa = PBXFrameworksBuildPhase;
			buildActionMask = 2147483647;
			files = (
			);
			runOnlyForDeploymentPostprocessing = 0;
		};
/* End PBXFrameworksBuildPhase section */

/* Begin PBXGroup section */
		21C1815329BF239100D0DFF7 = {
			isa = PBXGroup;
			children = (
				21C1815E29BF239100D0DFF7 /* insert */,
				21C1817329BF239200D0DFF7 /* insertTests */,
				21C1817D29BF239200D0DFF7 /* insertUITests */,
				21C1815D29BF239100D0DFF7 /* Products */,
			);
			sourceTree = "<group>";
		};
		21C1815D29BF239100D0DFF7 /* Products */ = {
			isa = PBXGroup;
			children = (
				21C1815C29BF239100D0DFF7 /* insert.app */,
				21C1817029BF239200D0DFF7 /* insertTests.xctest */,
				21C1817A29BF239200D0DFF7 /* insertUITests.xctest */,
			);
			name = Products;
			sourceTree = "<group>";
		};
		21C1815E29BF239100D0DFF7 /* insert */ = {
			isa = PBXGroup;
			children = (
				21C1815F29BF239100D0DFF7 /* insertApp.swift */,
				21C1816129BF239100D0DFF7 /* insertDocument.swift */,
				21C1816329BF239100D0DFF7 /* ContentView.swift */,
				21C1816529BF239200D0DFF7 /* Assets.xcassets */,
				21C1816729BF239200D0DFF7 /* Info.plist */,
				21C1816829BF239200D0DFF7 /* insert.entitlements */,
				21C1816929BF239200D0DFF7 /* Preview Content */,
			);
			path = insert;
			sourceTree = "<group>";
		};
		21C1816929BF239200D0DFF7 /* Preview Content */ = {
			isa = PBXGroup;
			children = (
				21C1816A29BF239200D0DFF7 /* Preview Assets.xcassets */,
			);
			path = "Preview Content";
			sourceTree = "<group>";
		};
		21C1817329BF239200D0DFF7 /* insertTests */ = {
			isa = PBXGroup;
			children = (
				21C1817429BF239200D0DFF7 /* insertTests.swift */,
			);
			path = insertTests;
			sourceTree = "<group>";
		};
		21C1817D29BF239200D0DFF7 /* insertUITests */ = {
			isa = PBXGroup;
			children = (
				21C1817E29BF239200D0DFF7 /* insertUITests.swift */,
				21C1818029BF239200D0DFF7 /* insertUITestsLaunchTests.swift */,
			);
			path = insertUITests;
			sourceTree = "<group>";
		};
/* End PBXGroup section */

/* Begin PBXNativeTarget section */
		21C1815B29BF239100D0DFF7 /* insert */ = {
			isa = PBXNativeTarget;
			buildConfigurationList = 21C1818429BF239200D0DFF7 /* Build configuration list for PBXNativeTarget "insert" */;
			buildPhases = (
				21C1815829BF239100D0DFF7 /* Sources */,
				21C1815929BF239100D0DFF7 /* Frameworks */,
				21C1815A29BF239100D0DFF7 /* Resources */,
			);
			buildRules = (
			);
			dependencies = (
			);
			name = insert;
			productName = insert;
			productReference = 21C1815C29BF239100D0DFF7 /* insert.app */;
			productType = "com.apple.product-type.application";
		};
		21C1816F29BF239200D0DFF7 /* insertTests */ = {
			isa = PBXNativeTarget;
			buildConfigurationList = 21C1818729BF239200D0DFF7 /* Build configuration list for PBXNativeTarget "insertTests" */;
			buildPhases = (
				21C1816C29BF239200D0DFF7 /* Sources */,
				21C1816D29BF239200D0DFF7 /* Frameworks */,
				21C1816E29BF239200D0DFF7 /* Resources */,
			);
			buildRules = (
			);
			dependencies = (
				21C1817229BF239200D0DFF7 /* PBXTargetDependency */,
			);
			name = insertTests;
			productName = insertTests;
			productReference = 21C1817029BF239200D0DFF7 /* insertTests.xctest */;
			productType = "com.apple.product-type.bundle.unit-test";
		};
		21C1817929BF239200D0DFF7 /* insertUITests */ = {
			isa = PBXNativeTarget;
			buildConfigurationList = 21C1818A29BF239200D0DFF7 /* Build configuration list for PBXNativeTarget "insertUITests" */;
			buildPhases = (
				21C1817629BF239200D0DFF7 /* Sources */,
				21C1817729BF239200D0DFF7 /* Frameworks */,
				21C1817829BF239200D0DFF7 /* Resources */,
			);
			buildRules = (
			);
			dependencies = (
				21C1817C29BF239200D0DFF7 /* PBXTargetDependency */,
			);
			name = insertUITests;
			productName = insertUITests;
			productReference = 21C1817A29BF239200D0DFF7 /* insertUITests.xctest */;
			productType = "com.apple.product-type.bundle.ui-testing";
		};
/* End PBXNativeTarget section */

/* Begin PBXProject section */
		21C1815429BF239100D0DFF7 /* Project object */ = {
			isa = PBXProject;
			attributes = {
				BuildIndependentTargetsInParallel = 1;
				LastSwiftUpdateCheck = 1420;
				LastUpgradeCheck = 1420;
				TargetAttributes = {
					21C1815B29BF239100D0DFF7 = {
						CreatedOnToolsVersion = 14.2;
					};
					21C1816F29BF239200D0DFF7 = {
						CreatedOnToolsVersion = 14.2;
						TestTargetID = 21C1815B29BF239100D0DFF7;
					};
					21C1817929BF239200D0DFF7 = {
						CreatedOnToolsVersion = 14.2;
						TestTargetID = 21C1815B29BF239100D0DFF7;
					};
				};
			};
			buildConfigurationList = 21C1815729BF239100D0DFF7 /* Build configuration list for PBXProject "insert" */;
			compatibilityVersion = "Xcode 14.0";
			developmentRegion = en;
			hasScannedForEncodings = 0;
			knownRegions = (
				en,
				Base,
			);
			mainGroup = 21C1815329BF239100D0DFF7;
			productRefGroup = 21C1815D29BF239100D0DFF7 /* Products */;
			projectDirPath = "";
			projectRoot = "";
			targets = (
				21C1815B29BF239100D0DFF7 /* insert */,
				21C1816F29BF239200D0DFF7 /* insertTests */,
				21C1817929BF239200D0DFF7 /* insertUITests */,
			);
		};
/* End PBXProject section */

/* Begin PBXResourcesBuildPhase section */
		21C1815A29BF239100D0DFF7 /* Resources */ = {
			isa = PBXResourcesBuildPhase;
			buildActionMask = 2147483647;
			files = (
				21C1816B29BF239200D0DFF7 /* Preview Assets.xcassets in Resources */,
				21C1816629BF239200D0DFF7 /* Assets.xcassets in Resources */,
			);
			runOnlyForDeploymentPostprocessing = 0;
		};
		21C1816E29BF239200D0DFF7 /* Resources */ = {
			isa = PBXResourcesBuildPhase;
			buildActionMask = 2147483647;
			files = (
			);
			runOnlyForDeploymentPostprocessing = 0;
		};
		21C1817829BF239200D0DFF7 /* Resources */ = {
			isa = PBXResourcesBuildPhase;
			buildActionMask = 2147483647;
			files = (
			);
			runOnlyForDeploymentPostprocessing = 0;
		};
/* End PBXResourcesBuildPhase section */

/* Begin PBXSourcesBuildPhase section */
		21C1815829BF239100D0DFF7 /* Sources */ = {
			isa = PBXSourcesBuildPhase;
			buildActionMask = 2147483647;
			files = (
				21C1816029BF239100D0DFF7 /* insertApp.swift in Sources */,
				21C1816229BF239100D0DFF7 /* insertDocument.swift in Sources */,
				21C1816429BF239100D0DFF7 /* ContentView.swift in Sources */,
			);
			runOnlyForDeploymentPostprocessing = 0;
		};
		21C1816C29BF239200D0DFF7 /* Sources */ = {
			isa = PBXSourcesBuildPhase;
			buildActionMask = 2147483647;
			files = (
				21C1817529BF239200D0DFF7 /* insertTests.swift in Sources */,
			);
			runOnlyForDeploymentPostprocessing = 0;
		};
		21C1817629BF239200D0DFF7 /* Sources */ = {
			isa = PBXSourcesBuildPhase;
			buildActionMask = 2147483647;
			files = (
				21C1817F29BF239200D0DFF7 /* insertUITests.swift in Sources */,
				21C1818129BF239200D0DFF7 /* insertUITestsLaunchTests.swift in Sources */,
			);
			runOnlyForDeploymentPostprocessing = 0;
		};
/* End PBXSourcesBuildPhase section */

/* Begin PBXTargetDependency section */
		21C1817229BF239200D0DFF7 /* PBXTargetDependency */ = {
			isa = PBXTargetDependency;
			target = 21C1815B29BF239100D0DFF7 /* insert */;
			targetProxy = 21C1817129BF239200D0DFF7 /* PBXContainerItemProxy */;
		};
		21C1817C29BF239200D0DFF7 /* PBXTargetDependency */ = {
			isa = PBXTargetDependency;
			target = 21C1815B29BF239100D0DFF7 /* insert */;
			targetProxy = 21C1817B29BF239200D0DFF7 /* PBXContainerItemProxy */;
		};
/* End PBXTargetDependency section */

/* Begin XCBuildConfiguration section */
		21C1818229BF239200D0DFF7 /* Debug */ = {
			isa = XCBuildConfiguration;
			buildSettings = {
				ALWAYS_SEARCH_USER_PATHS = NO;
				CLANG_ANALYZER_NONNULL = YES;
				CLANG_ANALYZER_NUMBER_OBJECT_CONVERSION = YES_AGGRESSIVE;
				CLANG_CXX_LANGUAGE_STANDARD = "gnu++20";
				CLANG_ENABLE_MODULES = YES;
				CLANG_ENABLE_OBJC_ARC = YES;
				CLANG_ENABLE_OBJC_WEAK = YES;
				CLANG_WARN_BLOCK_CAPTURE_AUTORELEASING = YES;
				CLANG_WARN_BOOL_CONVERSION = YES;
				CLANG_WARN_COMMA = YES;
				CLANG_WARN_CONSTANT_CONVERSION = YES;
				CLANG_WARN_DEPRECATED_OBJC_IMPLEMENTATIONS = YES;
				CLANG_WARN_DIRECT_OBJC_ISA_USAGE = YES_ERROR;
				CLANG_WARN_DOCUMENTATION_COMMENTS = YES;
				CLANG_WARN_EMPTY_BODY = YES;
				CLANG_WARN_ENUM_CONVERSION = YES;
				CLANG_WARN_INFINITE_RECURSION = YES;
				CLANG_WARN_INT_CONVERSION = YES;
				CLANG_WARN_NON_LITERAL_NULL_CONVERSION = YES;
				CLANG_WARN_OBJC_IMPLICIT_RETAIN_SELF = YES;
				CLANG_WARN_OBJC_LITERAL_CONVERSION = YES;
				CLANG_WARN_OBJC_ROOT_CLASS = YES_ERROR;
				CLANG_WARN_QUOTED_INCLUDE_IN_FRAMEWORK_HEADER = YES;
				CLANG_WARN_RANGE_LOOP_ANALYSIS = YES;
				CLANG_WARN_STRICT_PROTOTYPES = YES;
				CLANG_WARN_SUSPICIOUS_MOVE = YES;
				CLANG_WARN_UNGUARDED_AVAILABILITY = YES_AGGRESSIVE;
				CLANG_WARN_UNREACHABLE_CODE = YES;
				CLANG_WARN__DUPLICATE_METHOD_MATCH = YES;
				COPY_PHASE_STRIP = NO;
				DEBUG_INFORMATION_FORMAT = dwarf;
				ENABLE_STRICT_OBJC_MSGSEND = YES;
				ENABLE_TESTABILITY = YES;
				GCC_C_LANGUAGE_STANDARD = gnu11;
				GCC_DYNAMIC_NO_PIC = NO;
				GCC_NO_COMMON_BLOCKS = YES;
				GCC_OPTIMIZATION_LEVEL = 0;
				GCC_PREPROCESSOR_DEFINITIONS = (
					"DEBUG=1",
					"$(inherited)",
				);
				GCC_WARN_64_TO_32_BIT_CONVERSION = YES;
				GCC_WARN_ABOUT_RETURN_TYPE = YES_ERROR;
				GCC_WARN_UNDECLARED_SELECTOR = YES;
				GCC_WARN_UNINITIALIZED_AUTOS = YES_AGGRESSIVE;
				GCC_WARN_UNUSED_FUNCTION = YES;
				GCC_WARN_UNUSED_VARIABLE = YES;
				MTL_ENABLE_DEBUG_INFO = INCLUDE_SOURCE;
				MTL_FAST_MATH = YES;
				ONLY_ACTIVE_ARCH = YES;
				SWIFT_ACTIVE_COMPILATION_CONDITIONS = DEBUG;
				SWIFT_OPTIMIZATION_LEVEL = "-Onone";
			};
			name = Debug;
		};
		21C1818329BF239200D0DFF7 /* Release */ = {
			isa = XCBuildConfiguration;
			buildSettings = {
				ALWAYS_SEARCH_USER_PATHS = NO;
				CLANG_ANALYZER_NONNULL = YES;
				CLANG_ANALYZER_NUMBER_OBJECT_CONVERSION = YES_AGGRESSIVE;
				CLANG_CXX_LANGUAGE_STANDARD = "gnu++20";
				CLANG_ENABLE_MODULES = YES;
				CLANG_ENABLE_OBJC_ARC = YES;
				CLANG_ENABLE_OBJC_WEAK = YES;
				CLANG_WARN_BLOCK_CAPTURE_AUTORELEASING = YES;
				CLANG_WARN_BOOL_CONVERSION = YES;
				CLANG_WARN_COMMA = YES;
				CLANG_WARN_CONSTANT_CONVERSION = YES;
				CLANG_WARN_DEPRECATED_OBJC_IMPLEMENTATIONS = YES;
				CLANG_WARN_DIRECT_OBJC_ISA_USAGE = YES_ERROR;
				CLANG_WARN_DOCUMENTATION_COMMENTS = YES;
				CLANG_WARN_EMPTY_BODY = YES;
				CLANG_WARN_ENUM_CONVERSION = YES;
				CLANG_WARN_INFINITE_RECURSION = YES;
				CLANG_WARN_INT_CONVERSION = YES;
				CLANG_WARN_NON_LITERAL_NULL_CONVERSION = YES;
				CLANG_WARN_OBJC_IMPLICIT_RETAIN_SELF = YES;
				CLANG_WARN_OBJC_LITERAL_CONVERSION = YES;
				CLANG_WARN_OBJC_ROOT_CLASS = YES_ERROR;
				CLANG_WARN_QUOTED_INCLUDE_IN_FRAMEWORK_HEADER = YES;
				CLANG_WARN_RANGE_LOOP_ANALYSIS = YES;
				CLANG_WARN_STRICT_PROTOTYPES = YES;
				CLANG_WARN_SUSPICIOUS_MOVE = YES;
				CLANG_WARN_UNGUARDED_AVAILABILITY = YES_AGGRESSIVE;
				CLANG_WARN_UNREACHABLE_CODE = YES;
				CLANG_WARN__DUPLICATE_METHOD_MATCH = YES;
				COPY_PHASE_STRIP = NO;
				DEBUG_INFORMATION_FORMAT = "dwarf-with-dsym";
				ENABLE_NS_ASSERTIONS = NO;
				ENABLE_STRICT_OBJC_MSGSEND = YES;
				GCC_C_LANGUAGE_STANDARD = gnu11;
				GCC_NO_COMMON_BLOCKS = YES;
				GCC_WARN_64_TO_32_BIT_CONVERSION = YES;
				GCC_WARN_ABOUT_RETURN_TYPE = YES_ERROR;
				GCC_WARN_UNDECLARED_SELECTOR = YES;
				GCC_WARN_UNINITIALIZED_AUTOS = YES_AGGRESSIVE;
				GCC_WARN_UNUSED_FUNCTION = YES;
				GCC_WARN_UNUSED_VARIABLE = YES;
				MTL_ENABLE_DEBUG_INFO = NO;
				MTL_FAST_MATH = YES;
				SWIFT_COMPILATION_MODE = wholemodule;
				SWIFT_OPTIMIZATION_LEVEL = "-O";
			};
			name = Release;
		};
		21C1818529BF239200D0DFF7 /* Debug */ = {
			isa = XCBuildConfiguration;
			buildSettings = {
				ASSETCATALOG_COMPILER_APPICON_NAME = AppIcon;
				ASSETCATALOG_COMPILER_GLOBAL_ACCENT_COLOR_NAME = AccentColor;
				CODE_SIGN_ENTITLEMENTS = insert/insert.entitlements;
				CODE_SIGN_STYLE = Automatic;
				CURRENT_PROJECT_VERSION = 1;
				DEVELOPMENT_ASSET_PATHS = "\"insert/Preview Content\"";
				ENABLE_PREVIEWS = YES;
				GENERATE_INFOPLIST_FILE = YES;
				INFOPLIST_FILE = insert/Info.plist;
				"INFOPLIST_KEY_UIApplicationSceneManifest_Generation[sdk=iphoneos*]" = YES;
				"INFOPLIST_KEY_UIApplicationSceneManifest_Generation[sdk=iphonesimulator*]" = YES;
				"INFOPLIST_KEY_UIApplicationSupportsIndirectInputEvents[sdk=iphoneos*]" = YES;
				"INFOPLIST_KEY_UIApplicationSupportsIndirectInputEvents[sdk=iphonesimulator*]" = YES;
				"INFOPLIST_KEY_UILaunchScreen_Generation[sdk=iphoneos*]" = YES;
				"INFOPLIST_KEY_UILaunchScreen_Generation[sdk=iphonesimulator*]" = YES;
				"INFOPLIST_KEY_UIStatusBarStyle[sdk=iphoneos*]" = UIStatusBarStyleDefault;
				"INFOPLIST_KEY_UIStatusBarStyle[sdk=iphonesimulator*]" = UIStatusBarStyleDefault;
				INFOPLIST_KEY_UISupportedInterfaceOrientations_iPad = "UIInterfaceOrientationPortrait UIInterfaceOrientationPortraitUpsideDown UIInterfaceOrientationLandscapeLeft UIInterfaceOrientationLandscapeRight";
				INFOPLIST_KEY_UISupportedInterfaceOrientations_iPhone = "UIInterfaceOrientationPortrait UIInterfaceOrientationLandscapeLeft UIInterfaceOrientationLandscapeRight";
				"INFOPLIST_KEY_UISupportsDocumentBrowser[sdk=iphoneos*]" = YES;
				"INFOPLIST_KEY_UISupportsDocumentBrowser[sdk=iphonesimulator*]" = YES;
				IPHONEOS_DEPLOYMENT_TARGET = 16.2;
				LD_RUNPATH_SEARCH_PATHS = "@executable_path/Frameworks";
				"LD_RUNPATH_SEARCH_PATHS[sdk=macosx*]" = "@executable_path/../Frameworks";
				MACOSX_DEPLOYMENT_TARGET = 13.1;
				MARKETING_VERSION = 1.0;
				PRODUCT_BUNDLE_IDENTIFIER = zhorenxi.insert;
				PRODUCT_NAME = "$(TARGET_NAME)";
				SDKROOT = auto;
				SUPPORTED_PLATFORMS = "iphoneos iphonesimulator macosx";
				SWIFT_EMIT_LOC_STRINGS = YES;
				SWIFT_VERSION = 5.0;
				TARGETED_DEVICE_FAMILY = "1,2";
			};
			name = Debug;
		};
		21C1818629BF239200D0DFF7 /* Release */ = {
			isa = XCBuildConfiguration;
			buildSettings = {
				ASSETCATALOG_COMPILER_APPICON_NAME = AppIcon;
				ASSETCATALOG_COMPILER_GLOBAL_ACCENT_COLOR_NAME = AccentColor;
				CODE_SIGN_ENTITLEMENTS = insert/insert.entitlements;
				CODE_SIGN_STYLE = Automatic;
				CURRENT_PROJECT_VERSION = 1;
				DEVELOPMENT_ASSET_PATHS = "\"insert/Preview Content\"";
				ENABLE_PREVIEWS = YES;
				GENERATE_INFOPLIST_FILE = YES;
				INFOPLIST_FILE = insert/Info.plist;
				"INFOPLIST_KEY_UIApplicationSceneManifest_Generation[sdk=iphoneos*]" = YES;
				"INFOPLIST_KEY_UIApplicationSceneManifest_Generation[sdk=iphonesimulator*]" = YES;
				"INFOPLIST_KEY_UIApplicationSupportsIndirectInputEvents[sdk=iphoneos*]" = YES;
				"INFOPLIST_KEY_UIApplicationSupportsIndirectInputEvents[sdk=iphonesimulator*]" = YES;
				"INFOPLIST_KEY_UILaunchScreen_Generation[sdk=iphoneos*]" = YES;
				"INFOPLIST_KEY_UILaunchScreen_Generation[sdk=iphonesimulator*]" = YES;
				"INFOPLIST_KEY_UIStatusBarStyle[sdk=iphoneos*]" = UIStatusBarStyleDefault;
				"INFOPLIST_KEY_UIStatusBarStyle[sdk=iphonesimulator*]" = UIStatusBarStyleDefault;
				INFOPLIST_KEY_UISupportedInterfaceOrientations_iPad = "UIInterfaceOrientationPortrait UIInterfaceOrientationPortraitUpsideDown UIInterfaceOrientationLandscapeLeft UIInterfaceOrientationLandscapeRight";
				INFOPLIST_KEY_UISupportedInterfaceOrientations_iPhone = "UIInterfaceOrientationPortrait UIInterfaceOrientationLandscapeLeft UIInterfaceOrientationLandscapeRight";
				"INFOPLIST_KEY_UISupportsDocumentBrowser[sdk=iphoneos*]" = YES;
				"INFOPLIST_KEY_UISupportsDocumentBrowser[sdk=iphonesimulator*]" = YES;
				IPHONEOS_DEPLOYMENT_TARGET = 16.2;
				LD_RUNPATH_SEARCH_PATHS = "@executable_path/Frameworks";
				"LD_RUNPATH_SEARCH_PATHS[sdk=macosx*]" = "@executable_path/../Frameworks";
				MACOSX_DEPLOYMENT_TARGET = 13.1;
				MARKETING_VERSION = 1.0;
				PRODUCT_BUNDLE_IDENTIFIER = zhorenxi.insert;
				PRODUCT_NAME = "$(TARGET_NAME)";
				SDKROOT = auto;
				SUPPORTED_PLATFORMS = "iphoneos iphonesimulator macosx";
				SWIFT_EMIT_LOC_STRINGS = YES;
				SWIFT_VERSION = 5.0;
				TARGETED_DEVICE_FAMILY = "1,2";
			};
			name = Release;
		};
		21C1818829BF239200D0DFF7 /* Debug */ = {
			isa = XCBuildConfiguration;
			buildSettings = {
				ALWAYS_EMBED_SWIFT_STANDARD_LIBRARIES = YES;
				BUNDLE_LOADER = "$(TEST_HOST)";
				CODE_SIGN_STYLE = Automatic;
				CURRENT_PROJECT_VERSION = 1;
				GENERATE_INFOPLIST_FILE = YES;
				IPHONEOS_DEPLOYMENT_TARGET = 16.2;
				MACOSX_DEPLOYMENT_TARGET = 13.1;
				MARKETING_VERSION = 1.0;
				PRODUCT_BUNDLE_IDENTIFIER = zhorenxi.insertTests;
				PRODUCT_NAME = "$(TARGET_NAME)";
				SDKROOT = auto;
				SUPPORTED_PLATFORMS = "iphoneos iphonesimulator macosx";
				SWIFT_EMIT_LOC_STRINGS = NO;
				SWIFT_VERSION = 5.0;
				TARGETED_DEVICE_FAMILY = "1,2";
				TEST_HOST = "$(BUILT_PRODUCTS_DIR)/insert.app/$(BUNDLE_EXECUTABLE_FOLDER_PATH)/insert";
			};
			name = Debug;
		};
		21C1818929BF239200D0DFF7 /* Release */ = {
			isa = XCBuildConfiguration;
			buildSettings = {
				ALWAYS_EMBED_SWIFT_STANDARD_LIBRARIES = YES;
				BUNDLE_LOADER = "$(TEST_HOST)";
				CODE_SIGN_STYLE = Automatic;
				CURRENT_PROJECT_VERSION = 1;
				GENERATE_INFOPLIST_FILE = YES;
				IPHONEOS_DEPLOYMENT_TARGET = 16.2;
				MACOSX_DEPLOYMENT_TARGET = 13.1;
				MARKETING_VERSION = 1.0;
				PRODUCT_BUNDLE_IDENTIFIER = zhorenxi.insertTests;
				PRODUCT_NAME = "$(TARGET_NAME)";
				SDKROOT = auto;
				SUPPORTED_PLATFORMS = "iphoneos iphonesimulator macosx";
				SWIFT_EMIT_LOC_STRINGS = NO;
				SWIFT_VERSION = 5.0;
				TARGETED_DEVICE_FAMILY = "1,2";
				TEST_HOST = "$(BUILT_PRODUCTS_DIR)/insert.app/$(BUNDLE_EXECUTABLE_FOLDER_PATH)/insert";
			};
			name = Release;
		};
		21C1818B29BF239200D0DFF7 /* Debug */ = {
			isa = XCBuildConfiguration;
			buildSettings = {
				ALWAYS_EMBED_SWIFT_STANDARD_LIBRARIES = YES;
				CODE_SIGN_STYLE = Automatic;
				CURRENT_PROJECT_VERSION = 1;
				GENERATE_INFOPLIST_FILE = YES;
				IPHONEOS_DEPLOYMENT_TARGET = 16.2;
				MACOSX_DEPLOYMENT_TARGET = 13.1;
				MARKETING_VERSION = 1.0;
				PRODUCT_BUNDLE_IDENTIFIER = zhorenxi.insertUITests;
				PRODUCT_NAME = "$(TARGET_NAME)";
				SDKROOT = auto;
				SUPPORTED_PLATFORMS = "iphoneos iphonesimulator macosx";
				SWIFT_EMIT_LOC_STRINGS = NO;
				SWIFT_VERSION = 5.0;
				TARGETED_DEVICE_FAMILY = "1,2";
				TEST_TARGET_NAME = insert;
			};
			name = Debug;
		};
		21C1818C29BF239200D0DFF7 /* Release */ = {
			isa = XCBuildConfiguration;
			buildSettings = {
				ALWAYS_EMBED_SWIFT_STANDARD_LIBRARIES = YES;
				CODE_SIGN_STYLE = Automatic;
				CURRENT_PROJECT_VERSION = 1;
				GENERATE_INFOPLIST_FILE = YES;
				IPHONEOS_DEPLOYMENT_TARGET = 16.2;
				MACOSX_DEPLOYMENT_TARGET = 13.1;
				MARKETING_VERSION = 1.0;
				PRODUCT_BUNDLE_IDENTIFIER = zhorenxi.insertUITests;
				PRODUCT_NAME = "$(TARGET_NAME)";
				SDKROOT = auto;
				SUPPORTED_PLATFORMS = "iphoneos iphonesimulator macosx";
				SWIFT_EMIT_LOC_STRINGS = NO;
				SWIFT_VERSION = 5.0;
				TARGETED_DEVICE_FAMILY = "1,2";
				TEST_TARGET_NAME = insert;
			};
			name = Release;
		};
/* End XCBuildConfiguration section */

/* Begin XCConfigurationList section */
		21C1815729BF239100D0DFF7 /* Build configuration list for PBXProject "insert" */ = {
			isa = XCConfigurationList;
			buildConfigurations = (
				21C1818229BF239200D0DFF7 /* Debug */,
				21C1818329BF239200D0DFF7 /* Release */,
			);
			defaultConfigurationIsVisible = 0;
			defaultConfigurationName = Release;
		};
		21C1818429BF239200D0DFF7 /* Build configuration list for PBXNativeTarget "insert" */ = {
			isa = XCConfigurationList;
			buildConfigurations = (
				21C1818529BF239200D0DFF7 /* Debug */,
				21C1818629BF239200D0DFF7 /* Release */,
			);
			defaultConfigurationIsVisible = 0;
			defaultConfigurationName = Release;
		};
		21C1818729BF239200D0DFF7 /* Build configuration list for PBXNativeTarget "insertTests" */ = {
			isa = XCConfigurationList;
			buildConfigurations = (
				21C1818829BF239200D0DFF7 /* Debug */,
				21C1818929BF239200D0DFF7 /* Release */,
			);
			defaultConfigurationIsVisible = 0;
			defaultConfigurationName = Release;
		};
		21C1818A29BF239200D0DFF7 /* Build configuration list for PBXNativeTarget "insertUITests" */ = {
			isa = XCConfigurationList;
			buildConfigurations = (
				21C1818B29BF239200D0DFF7 /* Debug */,
				21C1818C29BF239200D0DFF7 /* Release */,
			);
			defaultConfigurationIsVisible = 0;
			defaultConfigurationName = Release;
		};
/* End XCConfigurationList section */
	};
	rootObject = 21C1815429BF239100D0DFF7 /* Project object */;
}
